
Microsoft Visual Studio Solution File, Format Version 12.00
# Visual Studio Version 17
VisualStudioVersion = 17.7.34221.43
MinimumVisualStudioVersion = 10.0.40219.1
Project("{FAE04EC0-301F-11D3-BF4B-00C04F79EFBC}") = "Email.API", "Email.API\Email.API.csproj", "{405B23C8-DFBD-44DD-9CB4-2E68C37BB1B5}"
EndProject
Global
	GlobalSection(SolutionConfigurationPlatforms) = preSolution
		Debug|Any CPU = Debug|Any CPU
		Release|Any CPU = Release|Any CPU
	EndGlobalSection
	GlobalSection(ProjectConfigurationPlatforms) = postSolution
		{405B23C8-DFBD-44DD-9CB4-2E68C37BB1B5}.Debug|Any CPU.ActiveCfg = Debug|Any CPU
		{405B23C8-DFBD-44DD-9CB4-2E68C37BB1B5}.Debug|Any CPU.Build.0 = Debug|Any CPU
		{405B23C8-DFBD-44DD-9CB4-2E68C37BB1B5}.Release|Any CPU.ActiveCfg = Release|Any CPU
		{405B23C8-DFBD-44DD-9CB4-2E68C37BB1B5}.Release|Any CPU.Build.0 = Release|Any CPU
	EndGlobalSection
	GlobalSection(SolutionProperties) = preSolution
		HideSolutionNode = FALSE
	EndGlobalSection
	GlobalSection(ExtensibilityGlobals) = postSolution
		SolutionGuid = {6EC7E216-3257-44F9-8270-81EEE9ACAEB6}
	EndGlobalSection
EndGlobal
